<?xml version="1.0" encoding="utf-8"?>
<Project ToolsVersion="4.0" xmlns="http://schemas.microsoft.com/developer/msbuild/2003">
  <ItemGroup>
    <Filter Include="Source Files">
      <UniqueIdentifier>{4FC737F1-C7A5-4376-A066-2A32D752A2FF}</UniqueIdentifier>
      <Extensions>cpp;c;cc;cxx;c++;cppm;ixx;def;odl;idl;hpj;bat;asm;asmx</Extensions>
    </Filter>
    <Filter Include="Header Files">
      <UniqueIdentifier>{93995380-89BD-4b04-88EB-625FBE52EBFB}</UniqueIdentifier>
      <Extensions>h;hh;hpp;hxx;h++;hm;inl;inc;ipp;xsd</Extensions>
    </Filter>
    <Filter Include="Resource Files">
      <UniqueIdentifier>{67DA6AB6-F800-4c08-8B7A-83BB121AAD01}</UniqueIdentifier>
      <Extensions>rc;ico;cur;bmp;dlg;rc2;rct;bin;rgs;gif;jpg;jpeg;jpe;resx;tiff;tif;png;wav;mfcribbon-ms</Extensions>
    </Filter>
    <Filter Include="Graphics">
      <UniqueIdentifier>{f81883d4-3aa6-476f-ae9f-134e48f98be9}</UniqueIdentifier>
    </Filter>
    <Filter Include="Audio">
      <UniqueIdentifier>{a29dc69e-375c-4a4d-a900-af78ecb41419}</UniqueIdentifier>
    </Filter>
    <Filter Include="CPU">
      <UniqueIdentifier>{646ca388-95bc-442f-a5df-2d381065e430}</UniqueIdentifier>
    </Filter>
  </ItemGroup>
  <ItemGroup>
    <ClCompile Include="Main.cpp">
      <Filter>Source Files</Filter>
    </ClCompile>
    <ClCompile Include="glad.c">
      <Filter>Source Files</Filter>
    </ClCompile>
    <ClCompile Include="util.cpp">
      <Filter>Source Files</Filter>
    </ClCompile>
    <ClCompile Include="Input.cpp">
      <Filter>Source Files</Filter>
    </ClCompile>
    <ClCompile Include="ROMReader.cpp">
      <Filter>Source Files</Filter>
    </ClCompile>
    <ClCompile Include="Scheduler.cpp">
      <Filter>Source Files</Filter>
    </ClCompile>
    <ClCompile Include="GPU.cpp">
      <Filter>Graphics</Filter>
    </ClCompile>
    <ClCompile Include="GPUParticle.cpp">
      <Filter>Graphics</Filter>
    </ClCompile>
    <ClCompile Include="GPUSprite.cpp">
      <Filter>Graphics</Filter>
    </ClCompile>
    <ClCompile Include="Font.cpp">
      <Filter>Graphics</Filter>
    </ClCompile>
    <ClCompile Include="Image.cpp">
      <Filter>Graphics</Filter>
    </ClCompile>
    <ClCompile Include="Framebuffer.cpp">
      <Filter>Graphics</Filter>
    </ClCompile>
    <ClCompile Include="Line.cpp">
      <Filter>Graphics</Filter>
    </ClCompile>
    <ClCompile Include="Point.cpp">
      <Filter>Graphics</Filter>
    </ClCompile>
    <ClCompile Include="Shader.cpp">
      <Filter>Graphics</Filter>
    </ClCompile>
    <ClCompile Include="Sprite.cpp">
      <Filter>Graphics</Filter>
    </ClCompile>
    <ClCompile Include="Vertbuffer.cpp">
      <Filter>Graphics</Filter>
    </ClCompile>
    <ClCompile Include="APU.cpp">
      <Filter>Audio</Filter>
    </ClCompile>
    <ClCompile Include="Note.cpp">
      <Filter>Audio</Filter>
    </ClCompile>
    <ClCompile Include="dependencies\rtaudio-5.1.0\RtAudio.cpp">
      <Filter>Audio</Filter>
    </ClCompile>
    <ClCompile Include="Song.cpp">
      <Filter>Audio</Filter>
    </ClCompile>
    <ClCompile Include="Voice.cpp">
      <Filter>Audio</Filter>
    </ClCompile>
    <ClCompile Include="dependencies\rtmidi-4.0.0\RtMidi.cpp">
      <Filter>Audio</Filter>
    </ClCompile>
    <ClCompile Include="CPU.cpp">
      <Filter>CPU</Filter>
    </ClCompile>
    <ClCompile Include="DemoGame.cpp">
      <Filter>Source Files</Filter>
    </ClCompile>
    <ClCompile Include="DemoSynth.cpp">
      <Filter>Source Files</Filter>
    </ClCompile>
    <ClCompile Include="Code.cpp">
      <Filter>CPU</Filter>
    </ClCompile>
    <ClCompile Include="Task.cpp">
      <Filter>CPU</Filter>
    </ClCompile>
  </ItemGroup>
  <ItemGroup>
    <ClInclude Include="Input.h">
      <Filter>Header Files</Filter>
    </ClInclude>
    <ClInclude Include="ROMReader.h">
      <Filter>Header Files</Filter>
    </ClInclude>
    <ClInclude Include="Scheduler.h">
      <Filter>Header Files</Filter>
    </ClInclude>
    <ClInclude Include="Sprite.h">
      <Filter>Graphics</Filter>
    </ClInclude>
    <ClInclude Include="Vector.h">
      <Filter>Graphics</Filter>
    </ClInclude>
    <ClInclude Include="Vertbuffer.h">
      <Filter>Graphics</Filter>
    </ClInclude>
    <ClInclude Include="Point.h">
      <Filter>Graphics</Filter>
    </ClInclude>
    <ClInclude Include="Line.h">
      <Filter>Graphics</Filter>
    </ClInclude>
    <ClInclude Include="Image.h">
      <Filter>Graphics</Filter>
    </ClInclude>
    <ClInclude Include="GPUSprite.h">
      <Filter>Graphics</Filter>
    </ClInclude>
    <ClInclude Include="GPUParticle.h">
      <Filter>Graphics</Filter>
    </ClInclude>
    <ClInclude Include="GPU.h">
      <Filter>Graphics</Filter>
    </ClInclude>
    <ClInclude Include="Framebuffer.h">
      <Filter>Graphics</Filter>
    </ClInclude>
    <ClInclude Include="Font.h">
      <Filter>Graphics</Filter>
    </ClInclude>
    <ClInclude Include="Collider.h">
      <Filter>Graphics</Filter>
    </ClInclude>
    <ClInclude Include="Shader.h">
      <Filter>Graphics</Filter>
    </ClInclude>
    <ClInclude Include="APU.h">
      <Filter>Audio</Filter>
    </ClInclude>
    <ClInclude Include="Note.h">
      <Filter>Audio</Filter>
    </ClInclude>
    <ClInclude Include="dependencies\rtaudio-5.1.0\RtAudio.h">
      <Filter>Audio</Filter>
    </ClInclude>
    <ClInclude Include="Song.h">
      <Filter>Audio</Filter>
    </ClInclude>
    <ClInclude Include="Voice.h">
      <Filter>Audio</Filter>
    </ClInclude>
    <ClInclude Include="dependencies\rtmidi-4.0.0\RtMidi.h">
      <Filter>Audio</Filter>
    </ClInclude>
    <ClInclude Include="CPU.h">
      <Filter>CPU</Filter>
    </ClInclude>
    <ClInclude Include="DemoGame.h">
      <Filter>Header Files</Filter>
    </ClInclude>
    <ClInclude Include="DemoSynth.h">
      <Filter>Header Files</Filter>
    </ClInclude>
    <ClInclude Include="Opcodes.h">
      <Filter>CPU</Filter>
    </ClInclude>
    <ClInclude Include="Values.h">
      <Filter>CPU</Filter>
    </ClInclude>
    <ClInclude Include="Code.h">
      <Filter>CPU</Filter>
    </ClInclude>
    <ClInclude Include="Task.h">
      <Filter>CPU</Filter>
    </ClInclude>
  </ItemGroup>
  <ItemGroup>
    <None Include="data\shaders\blit.frag" />
    <None Include="data\shaders\blit.vert" />
    <None Include="data\shaders\fade.frag" />
    <None Include="data\shaders\fade.vert" />
    <None Include="data\shaders\compose.frag" />
    <None Include="data\shaders\compose.vert" />
    <None Include="data\shaders\blur.frag" />
    <None Include="data\shaders\blur.vert" />
    <None Include="data\shaders\drawline.frag" />
    <None Include="data\shaders\drawline.vert" />
    <None Include="data\shaders\drawpoint.frag" />
    <None Include="data\shaders\drawpoint.vert" />
  </ItemGroup>
</Project>